// !$*UTF8*$!
{
	archiveVersion = 1;
	classes = {
	};
	objectVersion = 50;
	objects = {

/* Begin PBXBuildFile section */
		35EED6F926E7546F003EE88F /* AppDelegate.swift in Sources */ = {isa = PBXBuildFile; fileRef = 35EED6F826E7546F003EE88F /* AppDelegate.swift */; };
		35EED6FB26E7546F003EE88F /* ViewController.swift in Sources */ = {isa = PBXBuildFile; fileRef = 35EED6FA26E7546F003EE88F /* ViewController.swift */; };
		35EED6FD26E75470003EE88F /* Assets.xcassets in Resources */ = {isa = PBXBuildFile; fileRef = 35EED6FC26E75470003EE88F /* Assets.xcassets */; };
		35EED70026E75470003EE88F /* Main.storyboard in Resources */ = {isa = PBXBuildFile; fileRef = 35EED6FE26E75470003EE88F /* Main.storyboard */; };
		35EED70C26E75471003EE88F /* App11Tests.swift in Sources */ = {isa = PBXBuildFile; fileRef = 35EED70B26E75471003EE88F /* App11Tests.swift */; };
		35EED71726E75471003EE88F /* App11UITests.swift in Sources */ = {isa = PBXBuildFile; fileRef = 35EED71626E75471003EE88F /* App11UITests.swift */; };
		35EED74A26E754C5003EE88F /* Framework11.framework in Frameworks */ = {isa = PBXBuildFile; fileRef = 35EED74926E754C5003EE88F /* Framework11.framework */; };
		35EED74B26E754C5003EE88F /* Framework11.framework in Embed Frameworks */ = {isa = PBXBuildFile; fileRef = 35EED74926E754C5003EE88F /* Framework11.framework */; settings = {ATTRIBUTES = (CodeSignOnCopy, RemoveHeadersOnCopy, ); }; };
/* End PBXBuildFile section */

/* Begin PBXContainerItemProxy section */
		35EED70826E75471003EE88F /* PBXContainerItemProxy */ = {
			isa = PBXContainerItemProxy;
			containerPortal = 35EED6ED26E7546F003EE88F /* Project object */;
			proxyType = 1;
			remoteGlobalIDString = 35EED6F426E7546F003EE88F;
			remoteInfo = App11;
		};
		35EED71326E75471003EE88F /* PBXContainerItemProxy */ = {
			isa = PBXContainerItemProxy;
			containerPortal = 35EED6ED26E7546F003EE88F /* Project object */;
			proxyType = 1;
			remoteGlobalIDString = 35EED6F426E7546F003EE88F;
			remoteInfo = App11;
		};
/* End PBXContainerItemProxy section */

/* Begin PBXCopyFilesBuildPhase section */
		35EED74C26E754C5003EE88F /* Embed Frameworks */ = {
			isa = PBXCopyFilesBuildPhase;
			buildActionMask = 2147483647;
			dstPath = "";
			dstSubfolderSpec = 10;
			files = (
				35EED74B26E754C5003EE88F /* Framework11.framework in Embed Frameworks */,
			);
			name = "Embed Frameworks";
			runOnlyForDeploymentPostprocessing = 0;
		};
/* End PBXCopyFilesBuildPhase section */

/* Begin PBXFileReference section */
		35EED6F526E7546F003EE88F /* App11.app */ = {isa = PBXFileReference; explicitFileType = wrapper.application; includeInIndex = 0; path = App11.app; sourceTree = BUILT_PRODUCTS_DIR; };
		35EED6F826E7546F003EE88F /* AppDelegate.swift */ = {isa = PBXFileReference; lastKnownFileType = sourcecode.swift; path = AppDelegate.swift; sourceTree = "<group>"; };
		35EED6FA26E7546F003EE88F /* ViewController.swift */ = {isa = PBXFileReference; lastKnownFileType = sourcecode.swift; path = ViewController.swift; sourceTree = "<group>"; };
		35EED6FC26E75470003EE88F /* Assets.xcassets */ = {isa = PBXFileReference; lastKnownFileType = folder.assetcatalog; path = Assets.xcassets; sourceTree = "<group>"; };
		35EED6FF26E75470003EE88F /* Base */ = {isa = PBXFileReference; lastKnownFileType = file.storyboard; name = Base; path = Base.lproj/Main.storyboard; sourceTree = "<group>"; };
		35EED70126E75470003EE88F /* Info.plist */ = {isa = PBXFileReference; lastKnownFileType = text.plist.xml; path = Info.plist; sourceTree = "<group>"; };
		35EED70226E75470003EE88F /* App11.entitlements */ = {isa = PBXFileReference; lastKnownFileType = text.plist.entitlements; path = App11.entitlements; sourceTree = "<group>"; };
		35EED70726E75471003EE88F /* App11Tests.xctest */ = {isa = PBXFileReference; explicitFileType = wrapper.cfbundle; includeInIndex = 0; path = App11Tests.xctest; sourceTree = BUILT_PRODUCTS_DIR; };
		35EED70B26E75471003EE88F /* App11Tests.swift */ = {isa = PBXFileReference; lastKnownFileType = sourcecode.swift; path = App11Tests.swift; sourceTree = "<group>"; };
		35EED70D26E75471003EE88F /* Info.plist */ = {isa = PBXFileReference; lastKnownFileType = text.plist.xml; path = Info.plist; sourceTree = "<group>"; };
		35EED71226E75471003EE88F /* App11UITests.xctest */ = {isa = PBXFileReference; explicitFileType = wrapper.cfbundle; includeInIndex = 0; path = App11UITests.xctest; sourceTree = BUILT_PRODUCTS_DIR; };
		35EED71626E75471003EE88F /* App11UITests.swift */ = {isa = PBXFileReference; lastKnownFileType = sourcecode.swift; path = App11UITests.swift; sourceTree = "<group>"; };
		35EED71826E75471003EE88F /* Info.plist */ = {isa = PBXFileReference; lastKnownFileType = text.plist.xml; path = Info.plist; sourceTree = "<group>"; };
		35EED74926E754C5003EE88F /* Framework11.framework */ = {isa = PBXFileReference; explicitFileType = wrapper.framework; path = Framework11.framework; sourceTree = BUILT_PRODUCTS_DIR; };
/* End PBXFileReference section */

/* Begin PBXFrameworksBuildPhase section */
		35EED6F226E7546F003EE88F /* Frameworks */ = {
			isa = PBXFrameworksBuildPhase;
			buildActionMask = 2147483647;
			files = (
				35EED74A26E754C5003EE88F /* Framework11.framework in Frameworks */,
			);
			runOnlyForDeploymentPostprocessing = 0;
		};
		35EED70426E75471003EE88F /* Frameworks */ = {
			isa = PBXFrameworksBuildPhase;
			buildActionMask = 2147483647;
			files = (
			);
			runOnlyForDeploymentPostprocessing = 0;
		};
		35EED70F26E75471003EE88F /* Frameworks */ = {
			isa = PBXFrameworksBuildPhase;
			buildActionMask = 2147483647;
			files = (
			);
			runOnlyForDeploymentPostprocessing = 0;
		};
/* End PBXFrameworksBuildPhase section */

/* Begin PBXGroup section */
		35EED6EC26E7546F003EE88F = {
			isa = PBXGroup;
			children = (
				35EED6F726E7546F003EE88F /* App11 */,
				35EED70A26E75471003EE88F /* App11Tests */,
				35EED71526E75471003EE88F /* App11UITests */,
				35EED6F626E7546F003EE88F /* Products */,
				35EED74826E754C5003EE88F /* Frameworks */,
			);
			sourceTree = "<group>";
		};
		35EED6F626E7546F003EE88F /* Products */ = {
			isa = PBXGroup;
			children = (
				35EED6F526E7546F003EE88F /* App11.app */,
				35EED70726E75471003EE88F /* App11Tests.xctest */,
				35EED71226E75471003EE88F /* App11UITests.xctest */,
			);
			name = Products;
			sourceTree = "<group>";
		};
		35EED6F726E7546F003EE88F /* App11 */ = {
			isa = PBXGroup;
			children = (
				35EED6F826E7546F003EE88F /* AppDelegate.swift */,
				35EED6FA26E7546F003EE88F /* ViewController.swift */,
				35EED6FC26E75470003EE88F /* Assets.xcassets */,
				35EED6FE26E75470003EE88F /* Main.storyboard */,
				35EED70126E75470003EE88F /* Info.plist */,
				35EED70226E75470003EE88F /* App11.entitlements */,
			);
			path = App11;
			sourceTree = "<group>";
		};
		35EED70A26E75471003EE88F /* App11Tests */ = {
			isa = PBXGroup;
			children = (
				35EED70B26E75471003EE88F /* App11Tests.swift */,
				35EED70D26E75471003EE88F /* Info.plist */,
			);
			path = App11Tests;
			sourceTree = "<group>";
		};
		35EED71526E75471003EE88F /* App11UITests */ = {
			isa = PBXGroup;
			children = (
				35EED71626E75471003EE88F /* App11UITests.swift */,
				35EED71826E75471003EE88F /* Info.plist */,
			);
			path = App11UITests;
			sourceTree = "<group>";
		};
		35EED74826E754C5003EE88F /* Frameworks */ = {
			isa = PBXGroup;
			children = (
				35EED74926E754C5003EE88F /* Framework11.framework */,
			);
			name = Frameworks;
			sourceTree = "<group>";
		};
/* End PBXGroup section */

/* Begin PBXNativeTarget section */
		35EED6F426E7546F003EE88F /* App11 */ = {
			isa = PBXNativeTarget;
			buildConfigurationList = 35EED71B26E75471003EE88F /* Build configuration list for PBXNativeTarget "App11" */;
			buildPhases = (
				35EED6F126E7546F003EE88F /* Sources */,
				35EED6F226E7546F003EE88F /* Frameworks */,
				35EED6F326E7546F003EE88F /* Resources */,
				35EED74C26E754C5003EE88F /* Embed Frameworks */,
			);
			buildRules = (
			);
			dependencies = (
			);
			name = App11;
			productName = App11;
			productReference = 35EED6F526E7546F003EE88F /* App11.app */;
			productType = "com.apple.product-type.application";
		};
		35EED70626E75471003EE88F /* App11Tests */ = {
			isa = PBXNativeTarget;
			buildConfigurationList = 35EED71E26E75471003EE88F /* Build configuration list for PBXNativeTarget "App11Tests" */;
			buildPhases = (
				35EED70326E75471003EE88F /* Sources */,
				35EED70426E75471003EE88F /* Frameworks */,
				35EED70526E75471003EE88F /* Resources */,
			);
			buildRules = (
			);
			dependencies = (
				35EED70926E75471003EE88F /* PBXTargetDependency */,
			);
			name = App11Tests;
			productName = App11Tests;
			productReference = 35EED70726E75471003EE88F /* App11Tests.xctest */;
			productType = "com.apple.product-type.bundle.unit-test";
		};
		35EED71126E75471003EE88F /* App11UITests */ = {
			isa = PBXNativeTarget;
			buildConfigurationList = 35EED72126E75471003EE88F /* Build configuration list for PBXNativeTarget "App11UITests" */;
			buildPhases = (
				35EED70E26E75471003EE88F /* Sources */,
				35EED70F26E75471003EE88F /* Frameworks */,
				35EED71026E75471003EE88F /* Resources */,
			);
			buildRules = (
			);
			dependencies = (
				35EED71426E75471003EE88F /* PBXTargetDependency */,
			);
			name = App11UITests;
			productName = App11UITests;
			productReference = 35EED71226E75471003EE88F /* App11UITests.xctest */;
			productType = "com.apple.product-type.bundle.ui-testing";
		};
/* End PBXNativeTarget section */

/* Begin PBXProject section */
		35EED6ED26E7546F003EE88F /* Project object */ = {
			isa = PBXProject;
			attributes = {
				LastSwiftUpdateCheck = 1250;
				LastUpgradeCheck = 1250;
				TargetAttributes = {
					35EED6F426E7546F003EE88F = {
						CreatedOnToolsVersion = 12.5.1;
					};
					35EED70626E75471003EE88F = {
						CreatedOnToolsVersion = 12.5.1;
						TestTargetID = 35EED6F426E7546F003EE88F;
					};
					35EED71126E75471003EE88F = {
						CreatedOnToolsVersion = 12.5.1;
						TestTargetID = 35EED6F426E7546F003EE88F;
					};
				};
			};
			buildConfigurationList = 35EED6F026E7546F003EE88F /* Build configuration list for PBXProject "App11" */;
			compatibilityVersion = "Xcode 9.3";
			developmentRegion = en;
			hasScannedForEncodings = 0;
			knownRegions = (
				en,
				Base,
			);
			mainGroup = 35EED6EC26E7546F003EE88F;
			productRefGroup = 35EED6F626E7546F003EE88F /* Products */;
			projectDirPath = "";
			projectRoot = "";
			targets = (
				35EED6F426E7546F003EE88F /* App11 */,
				35EED70626E75471003EE88F /* App11Tests */,
				35EED71126E75471003EE88F /* App11UITests */,
			);
		};
/* End PBXProject section */

/* Begin PBXResourcesBuildPhase section */
		35EED6F326E7546F003EE88F /* Resources */ = {
			isa = PBXResourcesBuildPhase;
			buildActionMask = 2147483647;
			files = (
				35EED6FD26E75470003EE88F /* Assets.xcassets in Resources */,
				35EED70026E75470003EE88F /* Main.storyboard in Resources */,
			);
			runOnlyForDeploymentPostprocessing = 0;
		};
		35EED70526E75471003EE88F /* Resources */ = {
			isa = PBXResourcesBuildPhase;
			buildActionMask = 2147483647;
			files = (
			);
			runOnlyForDeploymentPostprocessing = 0;
		};
		35EED71026E75471003EE88F /* Resources */ = {
			isa = PBXResourcesBuildPhase;
			buildActionMask = 2147483647;
			files = (
			);
			runOnlyForDeploymentPostprocessing = 0;
		};
/* End PBXResourcesBuildPhase section */

/* Begin PBXSourcesBuildPhase section */
		35EED6F126E7546F003EE88F /* Sources */ = {
			isa = PBXSourcesBuildPhase;
			buildActionMask = 2147483647;
			files = (
				35EED6FB26E7546F003EE88F /* ViewController.swift in Sources */,
				35EED6F926E7546F003EE88F /* AppDelegate.swift in Sources */,
			);
			runOnlyForDeploymentPostprocessing = 0;
		};
		35EED70326E75471003EE88F /* Sources */ = {
			isa = PBXSourcesBuildPhase;
			buildActionMask = 2147483647;
			files = (
				35EED70C26E75471003EE88F /* App11Tests.swift in Sources */,
			);
			runOnlyForDeploymentPostprocessing = 0;
		};
		35EED70E26E75471003EE88F /* Sources */ = {
			isa = PBXSourcesBuildPhase;
			buildActionMask = 2147483647;
			files = (
				35EED71726E75471003EE88F /* App11UITests.swift in Sources */,
			);
			runOnlyForDeploymentPostprocessing = 0;
		};
/* End PBXSourcesBuildPhase section */

/* Begin PBXTargetDependency section */
		35EED70926E75471003EE88F /* PBXTargetDependency */ = {
			isa = PBXTargetDependency;
			target = 35EED6F426E7546F003EE88F /* App11 */;
			targetProxy = 35EED70826E75471003EE88F /* PBXContainerItemProxy */;
		};
		35EED71426E75471003EE88F /* PBXTargetDependency */ = {
			isa = PBXTargetDependency;
			target = 35EED6F426E7546F003EE88F /* App11 */;
			targetProxy = 35EED71326E75471003EE88F /* PBXContainerItemProxy */;
		};
/* End PBXTargetDependency section */

/* Begin PBXVariantGroup section */
		35EED6FE26E75470003EE88F /* Main.storyboard */ = {
			isa = PBXVariantGroup;
			children = (
				35EED6FF26E75470003EE88F /* Base */,
			);
			name = Main.storyboard;
			sourceTree = "<group>";
		};
/* End PBXVariantGroup section */

/* Begin XCBuildConfiguration section */
		35EED71926E75471003EE88F /* Debug */ = {
			isa = XCBuildConfiguration;
			buildSettings = {
				ALWAYS_SEARCH_USER_PATHS = NO;
				CLANG_ANALYZER_NONNULL = YES;
				CLANG_ANALYZER_NUMBER_OBJECT_CONVERSION = YES_AGGRESSIVE;
				CLANG_CXX_LANGUAGE_STANDARD = "gnu++14";
				CLANG_CXX_LIBRARY = "libc++";
				CLANG_ENABLE_MODULES = YES;
				CLANG_ENABLE_OBJC_ARC = YES;
				CLANG_ENABLE_OBJC_WEAK = YES;
				CLANG_WARN_BLOCK_CAPTURE_AUTORELEASING = YES;
				CLANG_WARN_BOOL_CONVERSION = YES;
				CLANG_WARN_COMMA = YES;
				CLANG_WARN_CONSTANT_CONVERSION = YES;
				CLANG_WARN_DEPRECATED_OBJC_IMPLEMENTATIONS = YES;
				CLANG_WARN_DIRECT_OBJC_ISA_USAGE = YES_ERROR;
				CLANG_WARN_DOCUMENTATION_COMMENTS = YES;
				CLANG_WARN_EMPTY_BODY = YES;
				CLANG_WARN_ENUM_CONVERSION = YES;
				CLANG_WARN_INFINITE_RECURSION = YES;
				CLANG_WARN_INT_CONVERSION = YES;
				CLANG_WARN_NON_LITERAL_NULL_CONVERSION = YES;
				CLANG_WARN_OBJC_IMPLICIT_RETAIN_SELF = YES;
				CLANG_WARN_OBJC_LITERAL_CONVERSION = YES;
				CLANG_WARN_OBJC_ROOT_CLASS = YES_ERROR;
				CLANG_WARN_QUOTED_INCLUDE_IN_FRAMEWORK_HEADER = YES;
				CLANG_WARN_RANGE_LOOP_ANALYSIS = YES;
				CLANG_WARN_STRICT_PROTOTYPES = YES;
				CLANG_WARN_SUSPICIOUS_MOVE = YES;
				CLANG_WARN_UNGUARDED_AVAILABILITY = YES_AGGRESSIVE;
				CLANG_WARN_UNREACHABLE_CODE = YES;
				CLANG_WARN__DUPLICATE_METHOD_MATCH = YES;
				COPY_PHASE_STRIP = NO;
				DEBUG_INFORMATION_FORMAT = dwarf;
				ENABLE_STRICT_OBJC_MSGSEND = YES;
				ENABLE_TESTABILITY = YES;
				GCC_C_LANGUAGE_STANDARD = gnu11;
				GCC_DYNAMIC_NO_PIC = NO;
				GCC_NO_COMMON_BLOCKS = YES;
				GCC_OPTIMIZATION_LEVEL = 0;
				GCC_PREPROCESSOR_DEFINITIONS = (
					"DEBUG=1",
					"$(inherited)",
				);
				GCC_WARN_64_TO_32_BIT_CONVERSION = YES;
				GCC_WARN_ABOUT_RETURN_TYPE = YES_ERROR;
				GCC_WARN_UNDECLARED_SELECTOR = YES;
				GCC_WARN_UNINITIALIZED_AUTOS = YES_AGGRESSIVE;
				GCC_WARN_UNUSED_FUNCTION = YES;
				GCC_WARN_UNUSED_VARIABLE = YES;
				MACOSX_DEPLOYMENT_TARGET = 11.3;
				MTL_ENABLE_DEBUG_INFO = INCLUDE_SOURCE;
				MTL_FAST_MATH = YES;
				ONLY_ACTIVE_ARCH = YES;
				SDKROOT = macosx;
				SWIFT_ACTIVE_COMPILATION_CONDITIONS = DEBUG;
				SWIFT_OPTIMIZATION_LEVEL = "-Onone";
			};
			name = Debug;
		};
		35EED71A26E75471003EE88F /* Release */ = {
			isa = XCBuildConfiguration;
			buildSettings = {
				ALWAYS_SEARCH_USER_PATHS = NO;
				CLANG_ANALYZER_NONNULL = YES;
				CLANG_ANALYZER_NUMBER_OBJECT_CONVERSION = YES_AGGRESSIVE;
				CLANG_CXX_LANGUAGE_STANDARD = "gnu++14";
				CLANG_CXX_LIBRARY = "libc++";
				CLANG_ENABLE_MODULES = YES;
				CLANG_ENABLE_OBJC_ARC = YES;
				CLANG_ENABLE_OBJC_WEAK = YES;
				CLANG_WARN_BLOCK_CAPTURE_AUTORELEASING = YES;
				CLANG_WARN_BOOL_CONVERSION = YES;
				CLANG_WARN_COMMA = YES;
				CLANG_WARN_CONSTANT_CONVERSION = YES;
				CLANG_WARN_DEPRECATED_OBJC_IMPLEMENTATIONS = YES;
				CLANG_WARN_DIRECT_OBJC_ISA_USAGE = YES_ERROR;
				CLANG_WARN_DOCUMENTATION_COMMENTS = YES;
				CLANG_WARN_EMPTY_BODY = YES;
				CLANG_WARN_ENUM_CONVERSION = YES;
				CLANG_WARN_INFINITE_RECURSION = YES;
				CLANG_WARN_INT_CONVERSION = YES;
				CLANG_WARN_NON_LITERAL_NULL_CONVERSION = YES;
				CLANG_WARN_OBJC_IMPLICIT_RETAIN_SELF = YES;
				CLANG_WARN_OBJC_LITERAL_CONVERSION = YES;
				CLANG_WARN_OBJC_ROOT_CLASS = YES_ERROR;
				CLANG_WARN_QUOTED_INCLUDE_IN_FRAMEWORK_HEADER = YES;
				CLANG_WARN_RANGE_LOOP_ANALYSIS = YES;
				CLANG_WARN_STRICT_PROTOTYPES = YES;
				CLANG_WARN_SUSPICIOUS_MOVE = YES;
				CLANG_WARN_UNGUARDED_AVAILABILITY = YES_AGGRESSIVE;
				CLANG_WARN_UNREACHABLE_CODE = YES;
				CLANG_WARN__DUPLICATE_METHOD_MATCH = YES;
				COPY_PHASE_STRIP = NO;
				DEBUG_INFORMATION_FORMAT = "dwarf-with-dsym";
				ENABLE_NS_ASSERTIONS = NO;
				ENABLE_STRICT_OBJC_MSGSEND = YES;
				GCC_C_LANGUAGE_STANDARD = gnu11;
				GCC_NO_COMMON_BLOCKS = YES;
				GCC_WARN_64_TO_32_BIT_CONVERSION = YES;
				GCC_WARN_ABOUT_RETURN_TYPE = YES_ERROR;
				GCC_WARN_UNDECLARED_SELECTOR = YES;
				GCC_WARN_UNINITIALIZED_AUTOS = YES_AGGRESSIVE;
				GCC_WARN_UNUSED_FUNCTION = YES;
				GCC_WARN_UNUSED_VARIABLE = YES;
				MACOSX_DEPLOYMENT_TARGET = 11.3;
				MTL_ENABLE_DEBUG_INFO = NO;
				MTL_FAST_MATH = YES;
				SDKROOT = macosx;
				SWIFT_COMPILATION_MODE = wholemodule;
				SWIFT_OPTIMIZATION_LEVEL = "-O";
			};
			name = Release;
		};
		35EED71C26E75471003EE88F /* Debug */ = {
			isa = XCBuildConfiguration;
			buildSettings = {
				ASSETCATALOG_COMPILER_APPICON_NAME = AppIcon;
				ASSETCATALOG_COMPILER_GLOBAL_ACCENT_COLOR_NAME = AccentColor;
				CODE_SIGN_ENTITLEMENTS = App11/App11.entitlements;
				CODE_SIGN_STYLE = Automatic;
				COMBINE_HIDPI_IMAGES = YES;
				DEVELOPMENT_TEAM = 46RCHZPX36;
				ENABLE_HARDENED_RUNTIME = YES;
				INFOPLIST_FILE = App11/Info.plist;
				LD_RUNPATH_SEARCH_PATHS = (
					"$(inherited)",
					"@executable_path/../Frameworks",
				);
				PRODUCT_BUNDLE_IDENTIFIER = "Nivethitha-Soundarrajan.App11";
				PRODUCT_NAME = "$(TARGET_NAME)";
				SWIFT_VERSION = 5.0;
			};
			name = Debug;
		};
		35EED71D26E75471003EE88F /* Release */ = {
			isa = XCBuildConfiguration;
			buildSettings = {
				ASSETCATALOG_COMPILER_APPICON_NAME = AppIcon;
				ASSETCATALOG_COMPILER_GLOBAL_ACCENT_COLOR_NAME = AccentColor;
				CODE_SIGN_ENTITLEMENTS = App11/App11.entitlements;
				CODE_SIGN_STYLE = Automatic;
				COMBINE_HIDPI_IMAGES = YES;
				DEVELOPMENT_TEAM = 46RCHZPX36;
				ENABLE_HARDENED_RUNTIME = YES;
				INFOPLIST_FILE = App11/Info.plist;
				LD_RUNPATH_SEARCH_PATHS = (
					"$(inherited)",
					"@executable_path/../Frameworks",
				);
				PRODUCT_BUNDLE_IDENTIFIER = "Nivethitha-Soundarrajan.App11";
				PRODUCT_NAME = "$(TARGET_NAME)";
				SWIFT_VERSION = 5.0;
			};
			name = Release;
		};
		35EED71F26E75471003EE88F /* Debug */ = {
			isa = XCBuildConfiguration;
			buildSettings = {
				ALWAYS_EMBED_SWIFT_STANDARD_LIBRARIES = YES;
				BUNDLE_LOADER = "$(TEST_HOST)";
				CODE_SIGN_STYLE = Automatic;
				COMBINE_HIDPI_IMAGES = YES;
				DEVELOPMENT_TEAM = 46RCHZPX36;
				INFOPLIST_FILE = App11Tests/Info.plist;
				LD_RUNPATH_SEARCH_PATHS = (
					"$(inherited)",
					"@executable_path/../Frameworks",
					"@loader_path/../Frameworks",
				);
				MACOSX_DEPLOYMENT_TARGET = 11.3;
				PRODUCT_BUNDLE_IDENTIFIER = "Nivethitha-Soundarrajan.App11Tests";
				PRODUCT_NAME = "$(TARGET_NAME)";
				SWIFT_VERSION = 5.0;
				TEST_HOST = "$(BUILT_PRODUCTS_DIR)/App11.app/Contents/MacOS/App11";
			};
			name = Debug;
		};
		35EED72026E75471003EE88F /* Release */ = {
			isa = XCBuildConfiguration;
			buildSettings = {
				ALWAYS_EMBED_SWIFT_STANDARD_LIBRARIES = YES;
				BUNDLE_LOADER = "$(TEST_HOST)";
				CODE_SIGN_STYLE = Automatic;
				COMBINE_HIDPI_IMAGES = YES;
				DEVELOPMENT_TEAM = 46RCHZPX36;
				INFOPLIST_FILE = App11Tests/Info.plist;
				LD_RUNPATH_SEARCH_PATHS = (
					"$(inherited)",
					"@executable_path/../Frameworks",
					"@loader_path/../Frameworks",
				);
				MACOSX_DEPLOYMENT_TARGET = 11.3;
				PRODUCT_BUNDLE_IDENTIFIER = "Nivethitha-Soundarrajan.App11Tests";
				PRODUCT_NAME = "$(TARGET_NAME)";
				SWIFT_VERSION = 5.0;
				TEST_HOST = "$(BUILT_PRODUCTS_DIR)/App11.app/Contents/MacOS/App11";
			};
			name = Release;
		};
		35EED72226E75471003EE88F /* Debug */ = {
			isa = XCBuildConfiguration;
			buildSettings = {
				ALWAYS_EMBED_SWIFT_STANDARD_LIBRARIES = YES;
				CODE_SIGN_STYLE = Automatic;
				COMBINE_HIDPI_IMAGES = YES;
				DEVELOPMENT_TEAM = 46RCHZPX36;
				INFOPLIST_FILE = App11UITests/Info.plist;
				LD_RUNPATH_SEARCH_PATHS = (
					"$(inherited)",
					"@executable_path/../Frameworks",
					"@loader_path/../Frameworks",
				);
				PRODUCT_BUNDLE_IDENTIFIER = "Nivethitha-Soundarrajan.App11UITests";
				PRODUCT_NAME = "$(TARGET_NAME)";
				SWIFT_VERSION = 5.0;
				TEST_TARGET_NAME = App11;
			};
			name = Debug;
		};
		35EED72326E75471003EE88F /* Release */ = {
			isa = XCBuildConfiguration;
			buildSettings = {
				ALWAYS_EMBED_SWIFT_STANDARD_LIBRARIES = YES;
				CODE_SIGN_STYLE = Automatic;
				COMBINE_HIDPI_IMAGES = YES;
				DEVELOPMENT_TEAM = 46RCHZPX36;
				INFOPLIST_FILE = App11UITests/Info.plist;
				LD_RUNPATH_SEARCH_PATHS = (
					"$(inherited)",
					"@executable_path/../Frameworks",
					"@loader_path/../Frameworks",
				);
				PRODUCT_BUNDLE_IDENTIFIER = "Nivethitha-Soundarrajan.App11UITests";
				PRODUCT_NAME = "$(TARGET_NAME)";
				SWIFT_VERSION = 5.0;
				TEST_TARGET_NAME = App11;
			};
			name = Release;
		};
/* End XCBuildConfiguration section */

/* Begin XCConfigurationList section */
		35EED6F026E7546F003EE88F /* Build configuration list for PBXProject "App11" */ = {
			isa = XCConfigurationList;
			buildConfigurations = (
				35EED71926E75471003EE88F /* Debug */,
				35EED71A26E75471003EE88F /* Release */,
			);
			defaultConfigurationIsVisible = 0;
			defaultConfigurationName = Release;
		};
		35EED71B26E75471003EE88F /* Build configuration list for PBXNativeTarget "App11" */ = {
			isa = XCConfigurationList;
			buildConfigurations = (
				35EED71C26E75471003EE88F /* Debug */,
				35EED71D26E75471003EE88F /* Release */,
			);
			defaultConfigurationIsVisible = 0;
			defaultConfigurationName = Release;
		};
		35EED71E26E75471003EE88F /* Build configuration list for PBXNativeTarget "App11Tests" */ = {
			isa = XCConfigurationList;
			buildConfigurations = (
				35EED71F26E75471003EE88F /* Debug */,
				35EED72026E75471003EE88F /* Release */,
			);
			defaultConfigurationIsVisible = 0;
			defaultConfigurationName = Release;
		};
		35EED72126E75471003EE88F /* Build configuration list for PBXNativeTarget "App11UITests" */ = {
			isa = XCConfigurationList;
			buildConfigurations = (
				35EED72226E75471003EE88F /* Debug */,
				35EED72326E75471003EE88F /* Release */,
			);
			defaultConfigurationIsVisible = 0;
			defaultConfigurationName = Release;
		};
/* End XCConfigurationList section */
	};
	rootObject = 35EED6ED26E7546F003EE88F /* Project object */;
}
